
Microsoft Visual Studio Solution File, Format Version 12.00
# Visual Studio 14
VisualStudioVersion = 14.0.25420.1
MinimumVisualStudioVersion = 10.0.40219.1
Project("{FAE04EC0-301F-11D3-BF4B-00C04F79EFBC}") = "DataLayer", "DataLayer\DataLayer.csproj", "{5E8CA459-654D-452A-AA35-700095F8A168}"
EndProject
Project("{FAE04EC0-301F-11D3-BF4B-00C04F79EFBC}") = "BusinessLayer", "BusinessLayer\BusinessLayer.csproj", "{673863CE-EAAB-4FB3-937D-ED49A8698924}"
EndProject
Project("{FAE04EC0-301F-11D3-BF4B-00C04F79EFBC}") = "PresentationLayer", "PresentationLayer\PresentationLayer.csproj", "{C7AC163C-62C4-4FD9-9FF9-7D4CEAFC05AE}"
EndProject
Global
	GlobalSection(SolutionConfigurationPlatforms) = preSolution
		Debug|Any CPU = Debug|Any CPU
		Release|Any CPU = Release|Any CPU
	EndGlobalSection
	GlobalSection(ProjectConfigurationPlatforms) = postSolution
		{5E8CA459-654D-452A-AA35-700095F8A168}.Debug|Any CPU.ActiveCfg = Debug|Any CPU
		{5E8CA459-654D-452A-AA35-700095F8A168}.Debug|Any CPU.Build.0 = Debug|Any CPU
		{5E8CA459-654D-452A-AA35-700095F8A168}.Release|Any CPU.ActiveCfg = Release|Any CPU
		{5E8CA459-654D-452A-AA35-700095F8A168}.Release|Any CPU.Build.0 = Release|Any CPU
		{673863CE-EAAB-4FB3-937D-ED49A8698924}.Debug|Any CPU.ActiveCfg = Debug|Any CPU
		{673863CE-EAAB-4FB3-937D-ED49A8698924}.Debug|Any CPU.Build.0 = Debug|Any CPU
		{673863CE-EAAB-4FB3-937D-ED49A8698924}.Release|Any CPU.ActiveCfg = Release|Any CPU
		{673863CE-EAAB-4FB3-937D-ED49A8698924}.Release|Any CPU.Build.0 = Release|Any CPU
		{C7AC163C-62C4-4FD9-9FF9-7D4CEAFC05AE}.Debug|Any CPU.ActiveCfg = Debug|Any CPU
		{C7AC163C-62C4-4FD9-9FF9-7D4CEAFC05AE}.Debug|Any CPU.Build.0 = Debug|Any CPU
		{C7AC163C-62C4-4FD9-9FF9-7D4CEAFC05AE}.Release|Any CPU.ActiveCfg = Release|Any CPU
		{C7AC163C-62C4-4FD9-9FF9-7D4CEAFC05AE}.Release|Any CPU.Build.0 = Release|Any CPU
	EndGlobalSection
	GlobalSection(SolutionProperties) = preSolution
		HideSolutionNode = FALSE
	EndGlobalSection
EndGlobal
